
Microsoft Visual Studio Solution File, Format Version 12.00
# Visual Studio 15
VisualStudioVersion = 15.0.26730.12
MinimumVisualStudioVersion = 10.0.40219.1
Project("{2150E333-8FDC-42A3-9474-1A3956D46DE8}") = "Innkeeper", "Innkeeper", "{8D5A807B-8B24-4C93-A86D-6A8D4B357419}"
EndProject
Project("{2150E333-8FDC-42A3-9474-1A3956D46DE8}") = "Interframe", "Interframe", "{975CD349-8083-4084-BA4D-A9ADDFFFFA77}"
EndProject
Project("{2150E333-8FDC-42A3-9474-1A3956D46DE8}") = "Paper", "Paper", "{F1C5D111-3D87-4B83-AC65-19E2346E682F}"
EndProject
Project("{2150E333-8FDC-42A3-9474-1A3956D46DE8}") = "Toolset", "Toolset", "{FB81EE7C-CA12-443D-B59C-EC00CA548DCE}"
EndProject
Project("{2150E333-8FDC-42A3-9474-1A3956D46DE8}") = "Sandbox", "Sandbox", "{8C4D08DE-5F5D-471F-95A7-41D2A4D04F26}"
EndProject
Project("{9A19103F-16F7-4668-BE54-9A1E7A4F7556}") = "Toolset", "src\toolset\Toolset\Toolset.csproj", "{1069961A-0B85-4C18-80DA-D35084EED1E5}"
EndProject
Project("{9A19103F-16F7-4668-BE54-9A1E7A4F7556}") = "Toolset.Sequel", "src\toolset\Toolset.Sequel\Toolset.Sequel.csproj", "{88E46B8F-F5A6-47EC-80E1-2F688DFA9D65}"
EndProject
Project("{9A19103F-16F7-4668-BE54-9A1E7A4F7556}") = "Toolset.Text.Template", "src\toolset\Toolset.Text.Template\Toolset.Text.Template.csproj", "{A17698F4-DEAD-49F5-A932-5985C57AAB75}"
EndProject
Project("{9A19103F-16F7-4668-BE54-9A1E7A4F7556}") = "Toolset.Serialization", "src\toolset\Toolset.Serialization\Toolset.Serialization.csproj", "{58281A44-401D-4A44-82ED-AB5728BD0969}"
EndProject
Project("{9A19103F-16F7-4668-BE54-9A1E7A4F7556}") = "Paper.Media", "src\paper\Paper.Media\Paper.Media.csproj", "{BAF05D3D-51F7-470B-A304-7A3A535B7F9E}"
EndProject
Project("{9A19103F-16F7-4668-BE54-9A1E7A4F7556}") = "Paper.Host", "src\paper\Paper.Host\Paper.Host.csproj", "{68B95316-29FE-4D96-8B08-ECB4B850D237}"
EndProject
Project("{9A19103F-16F7-4668-BE54-9A1E7A4F7556}") = "Paper.Core", "src\paper\Paper.Core\Paper.Core.csproj", "{865F8417-29CE-47FB-9A62-2EBE5D0EB36C}"
EndProject
Project("{9A19103F-16F7-4668-BE54-9A1E7A4F7556}") = "Sandbox", "src\sandbox\Sandbox\Sandbox.csproj", "{E2651AB7-47F1-4FE8-83B0-012B96CDC333}"
EndProject
Project("{9A19103F-16F7-4668-BE54-9A1E7A4F7556}") = "Innkeeper", "src\Innkeeper\Innkeeper\Innkeeper.csproj", "{7781AA9C-E0AE-40A7-9DE2-5A72EC28018A}"
EndProject
Project("{9A19103F-16F7-4668-BE54-9A1E7A4F7556}") = "Innkeeper.Core", "src\Innkeeper\Innkeeper.Core\Innkeeper.Core.csproj", "{F8AC04C6-C6D3-4036-83BA-08D48231EE64}"
EndProject
Project("{9A19103F-16F7-4668-BE54-9A1E7A4F7556}") = "Interframe.Data.Bridge", "src\Interframe\Interframe.Data.Bridge\Interframe.Data.Bridge.csproj", "{EAA0EA31-D7A9-47D1-82A2-2ECB54EB865B}"
EndProject
Project("{9A19103F-16F7-4668-BE54-9A1E7A4F7556}") = "Interframe.Data.Services", "src\Interframe\Interframe.Data.Services\Interframe.Data.Services.csproj", "{3A36DA40-1762-45C9-8B32-F32157864A8A}"
EndProject
Project("{9A19103F-16F7-4668-BE54-9A1E7A4F7556}") = "Interframe.Diagnostics", "src\Interframe\Interframe.Diagnostics\Interframe.Diagnostics.csproj", "{DB5317B4-8566-4174-8EBB-CC8B37D13553}"
EndProject
Project("{9A19103F-16F7-4668-BE54-9A1E7A4F7556}") = "Interframe.Events", "src\Interframe\Interframe.Events\Interframe.Events.csproj", "{34D50A06-9661-4756-8DE2-B956D2C85359}"
EndProject
Project("{9A19103F-16F7-4668-BE54-9A1E7A4F7556}") = "Interframe.Hosting", "src\Interframe\Interframe.Hosting\Interframe.Hosting.csproj", "{4A6521CF-BAE9-4EC6-9073-792C8CDD36CD}"
EndProject
Project("{9A19103F-16F7-4668-BE54-9A1E7A4F7556}") = "Interframe.Services", "src\Interframe\Interframe.Services\Interframe.Services.csproj", "{8AC5F49B-8CB0-4E4C-B502-D93D06E96EC4}"
EndProject
Project("{9A19103F-16F7-4668-BE54-9A1E7A4F7556}") = "Interframe.Tasks", "src\Interframe\Interframe.Tasks\Interframe.Tasks.csproj", "{39FC9F48-845B-4C1C-B761-3E5DF50B9590}"
EndProject
Project("{9A19103F-16F7-4668-BE54-9A1E7A4F7556}") = "Sandbox.Host", "src\Sandbox\Sandbox.Host\Sandbox.Host.csproj", "{EE488A0B-597D-4C7B-81DE-80B8E0C662C0}"
EndProject
Project("{9A19103F-16F7-4668-BE54-9A1E7A4F7556}") = "Paper", "src\Paper\Paper\Paper.csproj", "{DCC9719C-0A6F-434D-9948-B285EC0E24F1}"
EndProject
Project("{FAE04EC0-301F-11D3-BF4B-00C04F79EFBC}") = "Paper.Browser.Web", "src\Paper\Paper.Browser.Web\Paper.Browser.Web.csproj", "{248CFEBE-9D5E-498E-8F2A-87DBF967982C}"
EndProject
Project("{FAE04EC0-301F-11D3-BF4B-00C04F79EFBC}") = "Paper.Browser.Windows", "src\Paper\Paper.Browser.Windows\Paper.Browser.Windows.csproj", "{298D802E-E00E-4DAB-9523-E6FBABBEB6AB}"
EndProject
Global
	GlobalSection(SolutionConfigurationPlatforms) = preSolution
		Debug|Any CPU = Debug|Any CPU
		Release|Any CPU = Release|Any CPU
	EndGlobalSection
	GlobalSection(ProjectConfigurationPlatforms) = postSolution
		{1069961A-0B85-4C18-80DA-D35084EED1E5}.Debug|Any CPU.ActiveCfg = Debug|Any CPU
		{1069961A-0B85-4C18-80DA-D35084EED1E5}.Debug|Any CPU.Build.0 = Debug|Any CPU
		{1069961A-0B85-4C18-80DA-D35084EED1E5}.Release|Any CPU.ActiveCfg = Release|Any CPU
		{1069961A-0B85-4C18-80DA-D35084EED1E5}.Release|Any CPU.Build.0 = Release|Any CPU
		{88E46B8F-F5A6-47EC-80E1-2F688DFA9D65}.Debug|Any CPU.ActiveCfg = Debug|Any CPU
		{88E46B8F-F5A6-47EC-80E1-2F688DFA9D65}.Debug|Any CPU.Build.0 = Debug|Any CPU
		{88E46B8F-F5A6-47EC-80E1-2F688DFA9D65}.Release|Any CPU.ActiveCfg = Release|Any CPU
		{88E46B8F-F5A6-47EC-80E1-2F688DFA9D65}.Release|Any CPU.Build.0 = Release|Any CPU
		{A17698F4-DEAD-49F5-A932-5985C57AAB75}.Debug|Any CPU.ActiveCfg = Debug|Any CPU
		{A17698F4-DEAD-49F5-A932-5985C57AAB75}.Debug|Any CPU.Build.0 = Debug|Any CPU
		{A17698F4-DEAD-49F5-A932-5985C57AAB75}.Release|Any CPU.ActiveCfg = Release|Any CPU
		{A17698F4-DEAD-49F5-A932-5985C57AAB75}.Release|Any CPU.Build.0 = Release|Any CPU
		{58281A44-401D-4A44-82ED-AB5728BD0969}.Debug|Any CPU.ActiveCfg = Debug|Any CPU
		{58281A44-401D-4A44-82ED-AB5728BD0969}.Debug|Any CPU.Build.0 = Debug|Any CPU
		{58281A44-401D-4A44-82ED-AB5728BD0969}.Release|Any CPU.ActiveCfg = Release|Any CPU
		{58281A44-401D-4A44-82ED-AB5728BD0969}.Release|Any CPU.Build.0 = Release|Any CPU
		{BAF05D3D-51F7-470B-A304-7A3A535B7F9E}.Debug|Any CPU.ActiveCfg = Debug|Any CPU
		{BAF05D3D-51F7-470B-A304-7A3A535B7F9E}.Debug|Any CPU.Build.0 = Debug|Any CPU
		{BAF05D3D-51F7-470B-A304-7A3A535B7F9E}.Release|Any CPU.ActiveCfg = Release|Any CPU
		{BAF05D3D-51F7-470B-A304-7A3A535B7F9E}.Release|Any CPU.Build.0 = Release|Any CPU
		{68B95316-29FE-4D96-8B08-ECB4B850D237}.Debug|Any CPU.ActiveCfg = Debug|Any CPU
		{68B95316-29FE-4D96-8B08-ECB4B850D237}.Debug|Any CPU.Build.0 = Debug|Any CPU
		{68B95316-29FE-4D96-8B08-ECB4B850D237}.Release|Any CPU.ActiveCfg = Release|Any CPU
		{68B95316-29FE-4D96-8B08-ECB4B850D237}.Release|Any CPU.Build.0 = Release|Any CPU
		{865F8417-29CE-47FB-9A62-2EBE5D0EB36C}.Debug|Any CPU.ActiveCfg = Debug|Any CPU
		{865F8417-29CE-47FB-9A62-2EBE5D0EB36C}.Debug|Any CPU.Build.0 = Debug|Any CPU
		{865F8417-29CE-47FB-9A62-2EBE5D0EB36C}.Release|Any CPU.ActiveCfg = Release|Any CPU
		{865F8417-29CE-47FB-9A62-2EBE5D0EB36C}.Release|Any CPU.Build.0 = Release|Any CPU
		{E2651AB7-47F1-4FE8-83B0-012B96CDC333}.Debug|Any CPU.ActiveCfg = Debug|Any CPU
		{E2651AB7-47F1-4FE8-83B0-012B96CDC333}.Debug|Any CPU.Build.0 = Debug|Any CPU
		{E2651AB7-47F1-4FE8-83B0-012B96CDC333}.Release|Any CPU.ActiveCfg = Release|Any CPU
		{E2651AB7-47F1-4FE8-83B0-012B96CDC333}.Release|Any CPU.Build.0 = Release|Any CPU
		{7781AA9C-E0AE-40A7-9DE2-5A72EC28018A}.Debug|Any CPU.ActiveCfg = Debug|Any CPU
		{7781AA9C-E0AE-40A7-9DE2-5A72EC28018A}.Debug|Any CPU.Build.0 = Debug|Any CPU
		{7781AA9C-E0AE-40A7-9DE2-5A72EC28018A}.Release|Any CPU.ActiveCfg = Release|Any CPU
		{7781AA9C-E0AE-40A7-9DE2-5A72EC28018A}.Release|Any CPU.Build.0 = Release|Any CPU
		{F8AC04C6-C6D3-4036-83BA-08D48231EE64}.Debug|Any CPU.ActiveCfg = Debug|Any CPU
		{F8AC04C6-C6D3-4036-83BA-08D48231EE64}.Debug|Any CPU.Build.0 = Debug|Any CPU
		{F8AC04C6-C6D3-4036-83BA-08D48231EE64}.Release|Any CPU.ActiveCfg = Release|Any CPU
		{F8AC04C6-C6D3-4036-83BA-08D48231EE64}.Release|Any CPU.Build.0 = Release|Any CPU
		{EAA0EA31-D7A9-47D1-82A2-2ECB54EB865B}.Debug|Any CPU.ActiveCfg = Debug|Any CPU
		{EAA0EA31-D7A9-47D1-82A2-2ECB54EB865B}.Debug|Any CPU.Build.0 = Debug|Any CPU
		{EAA0EA31-D7A9-47D1-82A2-2ECB54EB865B}.Release|Any CPU.ActiveCfg = Release|Any CPU
		{EAA0EA31-D7A9-47D1-82A2-2ECB54EB865B}.Release|Any CPU.Build.0 = Release|Any CPU
		{3A36DA40-1762-45C9-8B32-F32157864A8A}.Debug|Any CPU.ActiveCfg = Debug|Any CPU
		{3A36DA40-1762-45C9-8B32-F32157864A8A}.Debug|Any CPU.Build.0 = Debug|Any CPU
		{3A36DA40-1762-45C9-8B32-F32157864A8A}.Release|Any CPU.ActiveCfg = Release|Any CPU
		{3A36DA40-1762-45C9-8B32-F32157864A8A}.Release|Any CPU.Build.0 = Release|Any CPU
		{DB5317B4-8566-4174-8EBB-CC8B37D13553}.Debug|Any CPU.ActiveCfg = Debug|Any CPU
		{DB5317B4-8566-4174-8EBB-CC8B37D13553}.Debug|Any CPU.Build.0 = Debug|Any CPU
		{DB5317B4-8566-4174-8EBB-CC8B37D13553}.Release|Any CPU.ActiveCfg = Release|Any CPU
		{DB5317B4-8566-4174-8EBB-CC8B37D13553}.Release|Any CPU.Build.0 = Release|Any CPU
		{34D50A06-9661-4756-8DE2-B956D2C85359}.Debug|Any CPU.ActiveCfg = Debug|Any CPU
		{34D50A06-9661-4756-8DE2-B956D2C85359}.Debug|Any CPU.Build.0 = Debug|Any CPU
		{34D50A06-9661-4756-8DE2-B956D2C85359}.Release|Any CPU.ActiveCfg = Release|Any CPU
		{34D50A06-9661-4756-8DE2-B956D2C85359}.Release|Any CPU.Build.0 = Release|Any CPU
		{4A6521CF-BAE9-4EC6-9073-792C8CDD36CD}.Debug|Any CPU.ActiveCfg = Debug|Any CPU
		{4A6521CF-BAE9-4EC6-9073-792C8CDD36CD}.Debug|Any CPU.Build.0 = Debug|Any CPU
		{4A6521CF-BAE9-4EC6-9073-792C8CDD36CD}.Release|Any CPU.ActiveCfg = Release|Any CPU
		{4A6521CF-BAE9-4EC6-9073-792C8CDD36CD}.Release|Any CPU.Build.0 = Release|Any CPU
		{8AC5F49B-8CB0-4E4C-B502-D93D06E96EC4}.Debug|Any CPU.ActiveCfg = Debug|Any CPU
		{8AC5F49B-8CB0-4E4C-B502-D93D06E96EC4}.Debug|Any CPU.Build.0 = Debug|Any CPU
		{8AC5F49B-8CB0-4E4C-B502-D93D06E96EC4}.Release|Any CPU.ActiveCfg = Release|Any CPU
		{8AC5F49B-8CB0-4E4C-B502-D93D06E96EC4}.Release|Any CPU.Build.0 = Release|Any CPU
		{39FC9F48-845B-4C1C-B761-3E5DF50B9590}.Debug|Any CPU.ActiveCfg = Debug|Any CPU
		{39FC9F48-845B-4C1C-B761-3E5DF50B9590}.Debug|Any CPU.Build.0 = Debug|Any CPU
		{39FC9F48-845B-4C1C-B761-3E5DF50B9590}.Release|Any CPU.ActiveCfg = Release|Any CPU
		{39FC9F48-845B-4C1C-B761-3E5DF50B9590}.Release|Any CPU.Build.0 = Release|Any CPU
		{EE488A0B-597D-4C7B-81DE-80B8E0C662C0}.Debug|Any CPU.ActiveCfg = Debug|Any CPU
		{EE488A0B-597D-4C7B-81DE-80B8E0C662C0}.Debug|Any CPU.Build.0 = Debug|Any CPU
		{EE488A0B-597D-4C7B-81DE-80B8E0C662C0}.Release|Any CPU.ActiveCfg = Release|Any CPU
		{EE488A0B-597D-4C7B-81DE-80B8E0C662C0}.Release|Any CPU.Build.0 = Release|Any CPU
		{DCC9719C-0A6F-434D-9948-B285EC0E24F1}.Debug|Any CPU.ActiveCfg = Debug|Any CPU
		{DCC9719C-0A6F-434D-9948-B285EC0E24F1}.Debug|Any CPU.Build.0 = Debug|Any CPU
		{DCC9719C-0A6F-434D-9948-B285EC0E24F1}.Release|Any CPU.ActiveCfg = Release|Any CPU
		{DCC9719C-0A6F-434D-9948-B285EC0E24F1}.Release|Any CPU.Build.0 = Release|Any CPU
		{248CFEBE-9D5E-498E-8F2A-87DBF967982C}.Debug|Any CPU.ActiveCfg = Debug|Any CPU
		{248CFEBE-9D5E-498E-8F2A-87DBF967982C}.Debug|Any CPU.Build.0 = Debug|Any CPU
		{248CFEBE-9D5E-498E-8F2A-87DBF967982C}.Release|Any CPU.ActiveCfg = Release|Any CPU
		{248CFEBE-9D5E-498E-8F2A-87DBF967982C}.Release|Any CPU.Build.0 = Release|Any CPU
		{298D802E-E00E-4DAB-9523-E6FBABBEB6AB}.Debug|Any CPU.ActiveCfg = Debug|Any CPU
		{298D802E-E00E-4DAB-9523-E6FBABBEB6AB}.Debug|Any CPU.Build.0 = Debug|Any CPU
		{298D802E-E00E-4DAB-9523-E6FBABBEB6AB}.Release|Any CPU.ActiveCfg = Release|Any CPU
		{298D802E-E00E-4DAB-9523-E6FBABBEB6AB}.Release|Any CPU.Build.0 = Release|Any CPU
	EndGlobalSection
	GlobalSection(SolutionProperties) = preSolution
		HideSolutionNode = FALSE
	EndGlobalSection
	GlobalSection(NestedProjects) = preSolution
		{1069961A-0B85-4C18-80DA-D35084EED1E5} = {FB81EE7C-CA12-443D-B59C-EC00CA548DCE}
		{88E46B8F-F5A6-47EC-80E1-2F688DFA9D65} = {FB81EE7C-CA12-443D-B59C-EC00CA548DCE}
		{A17698F4-DEAD-49F5-A932-5985C57AAB75} = {FB81EE7C-CA12-443D-B59C-EC00CA548DCE}
		{58281A44-401D-4A44-82ED-AB5728BD0969} = {FB81EE7C-CA12-443D-B59C-EC00CA548DCE}
		{BAF05D3D-51F7-470B-A304-7A3A535B7F9E} = {F1C5D111-3D87-4B83-AC65-19E2346E682F}
		{68B95316-29FE-4D96-8B08-ECB4B850D237} = {F1C5D111-3D87-4B83-AC65-19E2346E682F}
		{865F8417-29CE-47FB-9A62-2EBE5D0EB36C} = {F1C5D111-3D87-4B83-AC65-19E2346E682F}
		{E2651AB7-47F1-4FE8-83B0-012B96CDC333} = {8C4D08DE-5F5D-471F-95A7-41D2A4D04F26}
		{7781AA9C-E0AE-40A7-9DE2-5A72EC28018A} = {8D5A807B-8B24-4C93-A86D-6A8D4B357419}
		{F8AC04C6-C6D3-4036-83BA-08D48231EE64} = {8D5A807B-8B24-4C93-A86D-6A8D4B357419}
		{EAA0EA31-D7A9-47D1-82A2-2ECB54EB865B} = {975CD349-8083-4084-BA4D-A9ADDFFFFA77}
		{3A36DA40-1762-45C9-8B32-F32157864A8A} = {975CD349-8083-4084-BA4D-A9ADDFFFFA77}
		{DB5317B4-8566-4174-8EBB-CC8B37D13553} = {975CD349-8083-4084-BA4D-A9ADDFFFFA77}
		{34D50A06-9661-4756-8DE2-B956D2C85359} = {975CD349-8083-4084-BA4D-A9ADDFFFFA77}
		{4A6521CF-BAE9-4EC6-9073-792C8CDD36CD} = {975CD349-8083-4084-BA4D-A9ADDFFFFA77}
		{8AC5F49B-8CB0-4E4C-B502-D93D06E96EC4} = {975CD349-8083-4084-BA4D-A9ADDFFFFA77}
		{39FC9F48-845B-4C1C-B761-3E5DF50B9590} = {975CD349-8083-4084-BA4D-A9ADDFFFFA77}
		{EE488A0B-597D-4C7B-81DE-80B8E0C662C0} = {8C4D08DE-5F5D-471F-95A7-41D2A4D04F26}
		{DCC9719C-0A6F-434D-9948-B285EC0E24F1} = {F1C5D111-3D87-4B83-AC65-19E2346E682F}
		{248CFEBE-9D5E-498E-8F2A-87DBF967982C} = {F1C5D111-3D87-4B83-AC65-19E2346E682F}
		{298D802E-E00E-4DAB-9523-E6FBABBEB6AB} = {F1C5D111-3D87-4B83-AC65-19E2346E682F}
	EndGlobalSection
	GlobalSection(ExtensibilityGlobals) = postSolution
		SolutionGuid = {BFDF9B8E-0286-4B26-BD6B-0213BB8E5A3A}
	EndGlobalSection
EndGlobal
